
Microsoft Visual Studio Solution File, Format Version 12.00
# Visual Studio Version 17
VisualStudioVersion = 17.10.35122.118
MinimumVisualStudioVersion = 10.0.40219.1
Project("{9A19103F-16F7-4668-BE54-9A1E7A4F7556}") = "TechChallenge.API", "TechChallenge.API\TechChallenge.API.csproj", "{E91B4161-6CC4-43B0-A1BE-F3C33644DF8A}"
	ProjectSection(ProjectDependencies) = postProject
		{42A52FD5-1CDD-46F4-97EC-4B669DDB21EC} = {42A52FD5-1CDD-46F4-97EC-4B669DDB21EC}
		{71FA5ADF-117C-4DC9-88AF-ED2EB23FF117} = {71FA5ADF-117C-4DC9-88AF-ED2EB23FF117}
		{C02B4402-C430-4271-8AE1-C05CD8BFB387} = {C02B4402-C430-4271-8AE1-C05CD8BFB387}
	EndProjectSection
EndProject
Project("{2150E333-8FDC-42A3-9474-1A3956D46DE8}") = "src", "src", "{B00092BB-2CAF-47BD-B612-AF678BE149DD}"
EndProject
Project("{9A19103F-16F7-4668-BE54-9A1E7A4F7556}") = "TechChallenge.Application", "TechChallenge.Application\TechChallenge.Application.csproj", "{C02B4402-C430-4271-8AE1-C05CD8BFB387}"
	ProjectSection(ProjectDependencies) = postProject
		{42A52FD5-1CDD-46F4-97EC-4B669DDB21EC} = {42A52FD5-1CDD-46F4-97EC-4B669DDB21EC}
	EndProjectSection
EndProject
Project("{9A19103F-16F7-4668-BE54-9A1E7A4F7556}") = "TechChallenge.Infrastructure", "TechChallenge.Infrastructure\TechChallenge.Infrastructure.csproj", "{71FA5ADF-117C-4DC9-88AF-ED2EB23FF117}"
EndProject
Project("{9A19103F-16F7-4668-BE54-9A1E7A4F7556}") = "TechChallenge.Domain", "TechChallenge.Domain\TechChallenge.Domain.csproj", "{42A52FD5-1CDD-46F4-97EC-4B669DDB21EC}"
EndProject
Project("{2150E333-8FDC-42A3-9474-1A3956D46DE8}") = "unitTests", "unitTests", "{82C18E30-ABD6-41CA-A183-3FDE8E6E5BB4}"
EndProject
Project("{9A19103F-16F7-4668-BE54-9A1E7A4F7556}") = "TechChallenge.Domain.UnitTests", "TechChallenge.Domain.UnitTests\TechChallenge.Domain.UnitTests.csproj", "{D553D4C6-3AED-40E6-B899-2DC377FFCE73}"
EndProject
Project("{9A19103F-16F7-4668-BE54-9A1E7A4F7556}") = "TechChallenge.Application.UnitTests", "TechChallenge.Application.UnitTests\TechChallenge.Application.UnitTests.csproj", "{85A211B7-3109-4CC3-8A8A-B00EE56941EE}"
EndProject
Project("{9A19103F-16F7-4668-BE54-9A1E7A4F7556}") = "TechChallenge.Infrastructure.UnitTests", "TechChallenge.Infrastructure.UnitTests\TechChallenge.Infrastructure.UnitTests.csproj", "{D98653A8-7F1E-460F-9160-D95456535D23}"
EndProject
Project("{2150E333-8FDC-42A3-9474-1A3956D46DE8}") = "integrationTests", "integrationTests", "{0EC62D31-8B93-4E14-B984-60BD4857082F}"
EndProject
Project("{FAE04EC0-301F-11D3-BF4B-00C04F79EFBC}") = "TechChallenge.Application.IntegrationTests", "TechChallenge.Application.IntegrationTests\TechChallenge.Application.IntegrationTests.csproj", "{5F8C34E3-9C0B-467B-919F-F1ADD3DDAF63}"
EndProject
Project("{FAE04EC0-301F-11D3-BF4B-00C04F79EFBC}") = "CreateContactService", "CreateContactService\CreateContactService.csproj", "{8117A3EF-1ADD-423B-93FE-326467106E9E}"
EndProject
Project("{FAE04EC0-301F-11D3-BF4B-00C04F79EFBC}") = "GetContactService", "GetContactService\GetContactService.csproj", "{D152842D-3406-4C6C-BC95-6C45E19738E4}"
EndProject
Project("{FAE04EC0-301F-11D3-BF4B-00C04F79EFBC}") = "UpdateContactService", "UpdateContactService\UpdateContactService.csproj", "{5470BBF4-FA05-4F84-9142-A71DD00C3936}"
EndProject
Project("{FAE04EC0-301F-11D3-BF4B-00C04F79EFBC}") = "DeleteContactService", "DeleteContactService\DeleteContactService.csproj", "{0C0A1D6A-2C49-4235-92AA-F548CD292AE8}"
EndProject
Project("{FAE04EC0-301F-11D3-BF4B-00C04F79EFBC}") = "DataPersistenceService", "DataPersistenceService\DataPersistenceService.csproj", "{612EF8F7-11BF-4A7E-8315-D0923B45359D}"
EndProject
Project("{2150E333-8FDC-42A3-9474-1A3956D46DE8}") = "shared", "shared", "{8473B991-C994-4195-80D1-78518D0AD066}"
EndProject
Global
	GlobalSection(SolutionConfigurationPlatforms) = preSolution
		Debug|Any CPU = Debug|Any CPU
		Release|Any CPU = Release|Any CPU
	EndGlobalSection
	GlobalSection(ProjectConfigurationPlatforms) = postSolution
		{E91B4161-6CC4-43B0-A1BE-F3C33644DF8A}.Debug|Any CPU.ActiveCfg = Debug|Any CPU
		{E91B4161-6CC4-43B0-A1BE-F3C33644DF8A}.Debug|Any CPU.Build.0 = Debug|Any CPU
		{E91B4161-6CC4-43B0-A1BE-F3C33644DF8A}.Release|Any CPU.ActiveCfg = Release|Any CPU
		{E91B4161-6CC4-43B0-A1BE-F3C33644DF8A}.Release|Any CPU.Build.0 = Release|Any CPU
		{C02B4402-C430-4271-8AE1-C05CD8BFB387}.Debug|Any CPU.ActiveCfg = Debug|Any CPU
		{C02B4402-C430-4271-8AE1-C05CD8BFB387}.Debug|Any CPU.Build.0 = Debug|Any CPU
		{C02B4402-C430-4271-8AE1-C05CD8BFB387}.Release|Any CPU.ActiveCfg = Release|Any CPU
		{C02B4402-C430-4271-8AE1-C05CD8BFB387}.Release|Any CPU.Build.0 = Release|Any CPU
		{71FA5ADF-117C-4DC9-88AF-ED2EB23FF117}.Debug|Any CPU.ActiveCfg = Debug|Any CPU
		{71FA5ADF-117C-4DC9-88AF-ED2EB23FF117}.Debug|Any CPU.Build.0 = Debug|Any CPU
		{71FA5ADF-117C-4DC9-88AF-ED2EB23FF117}.Release|Any CPU.ActiveCfg = Release|Any CPU
		{71FA5ADF-117C-4DC9-88AF-ED2EB23FF117}.Release|Any CPU.Build.0 = Release|Any CPU
		{42A52FD5-1CDD-46F4-97EC-4B669DDB21EC}.Debug|Any CPU.ActiveCfg = Debug|Any CPU
		{42A52FD5-1CDD-46F4-97EC-4B669DDB21EC}.Debug|Any CPU.Build.0 = Debug|Any CPU
		{42A52FD5-1CDD-46F4-97EC-4B669DDB21EC}.Release|Any CPU.ActiveCfg = Release|Any CPU
		{42A52FD5-1CDD-46F4-97EC-4B669DDB21EC}.Release|Any CPU.Build.0 = Release|Any CPU
		{D553D4C6-3AED-40E6-B899-2DC377FFCE73}.Debug|Any CPU.ActiveCfg = Debug|Any CPU
		{D553D4C6-3AED-40E6-B899-2DC377FFCE73}.Debug|Any CPU.Build.0 = Debug|Any CPU
		{D553D4C6-3AED-40E6-B899-2DC377FFCE73}.Release|Any CPU.ActiveCfg = Release|Any CPU
		{D553D4C6-3AED-40E6-B899-2DC377FFCE73}.Release|Any CPU.Build.0 = Release|Any CPU
		{85A211B7-3109-4CC3-8A8A-B00EE56941EE}.Debug|Any CPU.ActiveCfg = Debug|Any CPU
		{85A211B7-3109-4CC3-8A8A-B00EE56941EE}.Debug|Any CPU.Build.0 = Debug|Any CPU
		{85A211B7-3109-4CC3-8A8A-B00EE56941EE}.Release|Any CPU.ActiveCfg = Release|Any CPU
		{85A211B7-3109-4CC3-8A8A-B00EE56941EE}.Release|Any CPU.Build.0 = Release|Any CPU
		{D98653A8-7F1E-460F-9160-D95456535D23}.Debug|Any CPU.ActiveCfg = Debug|Any CPU
		{D98653A8-7F1E-460F-9160-D95456535D23}.Debug|Any CPU.Build.0 = Debug|Any CPU
		{D98653A8-7F1E-460F-9160-D95456535D23}.Release|Any CPU.ActiveCfg = Release|Any CPU
		{D98653A8-7F1E-460F-9160-D95456535D23}.Release|Any CPU.Build.0 = Release|Any CPU
		{5F8C34E3-9C0B-467B-919F-F1ADD3DDAF63}.Debug|Any CPU.ActiveCfg = Debug|Any CPU
		{5F8C34E3-9C0B-467B-919F-F1ADD3DDAF63}.Debug|Any CPU.Build.0 = Debug|Any CPU
		{5F8C34E3-9C0B-467B-919F-F1ADD3DDAF63}.Release|Any CPU.ActiveCfg = Release|Any CPU
		{5F8C34E3-9C0B-467B-919F-F1ADD3DDAF63}.Release|Any CPU.Build.0 = Release|Any CPU
		{8117A3EF-1ADD-423B-93FE-326467106E9E}.Debug|Any CPU.ActiveCfg = Debug|Any CPU
		{8117A3EF-1ADD-423B-93FE-326467106E9E}.Debug|Any CPU.Build.0 = Debug|Any CPU
		{8117A3EF-1ADD-423B-93FE-326467106E9E}.Release|Any CPU.ActiveCfg = Release|Any CPU
		{8117A3EF-1ADD-423B-93FE-326467106E9E}.Release|Any CPU.Build.0 = Release|Any CPU
		{D152842D-3406-4C6C-BC95-6C45E19738E4}.Debug|Any CPU.ActiveCfg = Debug|Any CPU
		{D152842D-3406-4C6C-BC95-6C45E19738E4}.Debug|Any CPU.Build.0 = Debug|Any CPU
		{D152842D-3406-4C6C-BC95-6C45E19738E4}.Release|Any CPU.ActiveCfg = Release|Any CPU
		{D152842D-3406-4C6C-BC95-6C45E19738E4}.Release|Any CPU.Build.0 = Release|Any CPU
		{5470BBF4-FA05-4F84-9142-A71DD00C3936}.Debug|Any CPU.ActiveCfg = Debug|Any CPU
		{5470BBF4-FA05-4F84-9142-A71DD00C3936}.Debug|Any CPU.Build.0 = Debug|Any CPU
		{5470BBF4-FA05-4F84-9142-A71DD00C3936}.Release|Any CPU.ActiveCfg = Release|Any CPU
		{5470BBF4-FA05-4F84-9142-A71DD00C3936}.Release|Any CPU.Build.0 = Release|Any CPU
		{0C0A1D6A-2C49-4235-92AA-F548CD292AE8}.Debug|Any CPU.ActiveCfg = Debug|Any CPU
		{0C0A1D6A-2C49-4235-92AA-F548CD292AE8}.Debug|Any CPU.Build.0 = Debug|Any CPU
		{0C0A1D6A-2C49-4235-92AA-F548CD292AE8}.Release|Any CPU.ActiveCfg = Release|Any CPU
		{0C0A1D6A-2C49-4235-92AA-F548CD292AE8}.Release|Any CPU.Build.0 = Release|Any CPU
		{612EF8F7-11BF-4A7E-8315-D0923B45359D}.Debug|Any CPU.ActiveCfg = Debug|Any CPU
		{612EF8F7-11BF-4A7E-8315-D0923B45359D}.Debug|Any CPU.Build.0 = Debug|Any CPU
		{612EF8F7-11BF-4A7E-8315-D0923B45359D}.Release|Any CPU.ActiveCfg = Release|Any CPU
		{612EF8F7-11BF-4A7E-8315-D0923B45359D}.Release|Any CPU.Build.0 = Release|Any CPU
	EndGlobalSection
	GlobalSection(SolutionProperties) = preSolution
		HideSolutionNode = FALSE
	EndGlobalSection
	GlobalSection(NestedProjects) = preSolution
		{E91B4161-6CC4-43B0-A1BE-F3C33644DF8A} = {B00092BB-2CAF-47BD-B612-AF678BE149DD}
		{C02B4402-C430-4271-8AE1-C05CD8BFB387} = {8473B991-C994-4195-80D1-78518D0AD066}
		{71FA5ADF-117C-4DC9-88AF-ED2EB23FF117} = {8473B991-C994-4195-80D1-78518D0AD066}
		{42A52FD5-1CDD-46F4-97EC-4B669DDB21EC} = {8473B991-C994-4195-80D1-78518D0AD066}
		{D553D4C6-3AED-40E6-B899-2DC377FFCE73} = {82C18E30-ABD6-41CA-A183-3FDE8E6E5BB4}
		{85A211B7-3109-4CC3-8A8A-B00EE56941EE} = {82C18E30-ABD6-41CA-A183-3FDE8E6E5BB4}
		{D98653A8-7F1E-460F-9160-D95456535D23} = {82C18E30-ABD6-41CA-A183-3FDE8E6E5BB4}
		{5F8C34E3-9C0B-467B-919F-F1ADD3DDAF63} = {0EC62D31-8B93-4E14-B984-60BD4857082F}
		{8117A3EF-1ADD-423B-93FE-326467106E9E} = {B00092BB-2CAF-47BD-B612-AF678BE149DD}
		{D152842D-3406-4C6C-BC95-6C45E19738E4} = {B00092BB-2CAF-47BD-B612-AF678BE149DD}
		{5470BBF4-FA05-4F84-9142-A71DD00C3936} = {B00092BB-2CAF-47BD-B612-AF678BE149DD}
		{0C0A1D6A-2C49-4235-92AA-F548CD292AE8} = {B00092BB-2CAF-47BD-B612-AF678BE149DD}
		{612EF8F7-11BF-4A7E-8315-D0923B45359D} = {B00092BB-2CAF-47BD-B612-AF678BE149DD}
	EndGlobalSection
	GlobalSection(ExtensibilityGlobals) = postSolution
		SolutionGuid = {E7D145E2-7DAA-4C2F-8235-261A1BEDA335}
	EndGlobalSection
EndGlobal
